
Microsoft Visual Studio Solution File, Format Version 12.00
# Visual Studio 14
VisualStudioVersion = 14.0.23107.0
MinimumVisualStudioVersion = 10.0.40219.1
Project("{FAE04EC0-301F-11D3-BF4B-00C04F79EFBC}") = "PermMissingElem.Test", "PermMissingElem.Test\PermMissingElem.Test.csproj", "{1485531B-A22E-4CF0-9213-1F089BEDB836}"
EndProject
Project("{2150E333-8FDC-42A3-9474-1A3956D46DE8}") = "Solution Items", "Solution Items", "{0709B45B-C218-4440-A904-4221A4315612}"
	ProjectSection(SolutionItems) = preProject
		Problem statement.txt = Problem statement.txt
	EndProjectSection
EndProject
Project("{FAE04EC0-301F-11D3-BF4B-00C04F79EFBC}") = "PermMissingElem", "PermMissingElem\PermMissingElem.csproj", "{FE23D1BB-DD44-4466-B7AE-6FD3A4737063}"
EndProject
Global
	GlobalSection(SolutionConfigurationPlatforms) = preSolution
		Debug|Any CPU = Debug|Any CPU
		Release|Any CPU = Release|Any CPU
	EndGlobalSection
	GlobalSection(ProjectConfigurationPlatforms) = postSolution
		{1485531B-A22E-4CF0-9213-1F089BEDB836}.Debug|Any CPU.ActiveCfg = Debug|Any CPU
		{1485531B-A22E-4CF0-9213-1F089BEDB836}.Debug|Any CPU.Build.0 = Debug|Any CPU
		{1485531B-A22E-4CF0-9213-1F089BEDB836}.Release|Any CPU.ActiveCfg = Release|Any CPU
		{1485531B-A22E-4CF0-9213-1F089BEDB836}.Release|Any CPU.Build.0 = Release|Any CPU
		{FE23D1BB-DD44-4466-B7AE-6FD3A4737063}.Debug|Any CPU.ActiveCfg = Debug|Any CPU
		{FE23D1BB-DD44-4466-B7AE-6FD3A4737063}.Debug|Any CPU.Build.0 = Debug|Any CPU
		{FE23D1BB-DD44-4466-B7AE-6FD3A4737063}.Release|Any CPU.ActiveCfg = Release|Any CPU
		{FE23D1BB-DD44-4466-B7AE-6FD3A4737063}.Release|Any CPU.Build.0 = Release|Any CPU
	EndGlobalSection
	GlobalSection(SolutionProperties) = preSolution
		HideSolutionNode = FALSE
	EndGlobalSection
EndGlobal
